
Microsoft Visual Studio Solution File, Format Version 10.00
# Visual Studio 2008
Project("{8BC9CEB8-8B4A-11D0-8D11-00A0C91BC942}") = "TetraMeshTools", "TetraMeshTools.vcproj", "{97866D00-272A-4EEC-94C9-3112391DEFE1}"
EndProject
Global
	GlobalSection(SolutionConfigurationPlatforms) = preSolution
		Debug|Win32 = Debug|Win32
		Release|Win32 = Release|Win32
	EndGlobalSection
	GlobalSection(ProjectConfigurationPlatforms) = postSolution
		{97866D00-272A-4EEC-94C9-3112391DEFE1}.Debug|Win32.ActiveCfg = Debug|Win32
		{97866D00-272A-4EEC-94C9-3112391DEFE1}.Debug|Win32.Build.0 = Debug|Win32
		{97866D00-272A-4EEC-94C9-3112391DEFE1}.Release|Win32.ActiveCfg = Release|Win32
		{97866D00-272A-4EEC-94C9-3112391DEFE1}.Release|Win32.Build.0 = Release|Win32
	EndGlobalSection
	GlobalSection(SolutionProperties) = preSolution
		HideSolutionNode = FALSE
	EndGlobalSection
EndGlobal
